
Microsoft Visual Studio Solution File, Format Version 12.00
# Visual Studio Version 17
VisualStudioVersion = 17.0.31903.59
MinimumVisualStudioVersion = 10.0.40219.1
Project("{FAE04EC0-301F-11D3-BF4B-00C04F79EFBC}") = "ProtoScript", "ProtoScript\ProtoScript.csproj", "{907B16B4-7165-4979-93C1-7B7DC5BE41E0}"
EndProject
Project("{FAE04EC0-301F-11D3-BF4B-00C04F79EFBC}") = "ProtoScript.Parsers", "ProtoScript.Parsers\ProtoScript.Parsers.csproj", "{E649FDBE-E0D7-4071-88A2-A5C2FAFE323A}"
EndProject
Project("{FAE04EC0-301F-11D3-BF4B-00C04F79EFBC}") = "ProtoScript.Interpretter", "ProtoScript.Interpretter\ProtoScript.Interpretter.csproj", "{C1E776C7-0387-4BDA-AF00-9EEEF8D1729C}"
EndProject
Project("{FAE04EC0-301F-11D3-BF4B-00C04F79EFBC}") = "ProtoScript.CLI", "ProtoScript.CLI\ProtoScript.CLI.csproj", "{7A370288-66E3-4EF4-839E-D16C4607A40C}"
EndProject
Project("{FAE04EC0-301F-11D3-BF4B-00C04F79EFBC}") = "ProtoScript.CLI.Validation", "ProtoScript.CLI.Validation\ProtoScript.CLI.Validation.csproj", "{137E0441-25A1-467C-BDD6-1D4CF835BFA6}"
EndProject
Project("{FAE04EC0-301F-11D3-BF4B-00C04F79EFBC}") = "ProtoScript.Workbench.Api", "ProtoScript.Workbench.Api\ProtoScript.Workbench.Api.csproj", "{DB7D7EE8-2F83-4843-9AF2-C5C34A300800}"
EndProject
Project("{FAE04EC0-301F-11D3-BF4B-00C04F79EFBC}") = "ProtoScript.Workbench.Web", "ProtoScript.Workbench.Web\ProtoScript.Workbench.Web.csproj", "{0A7B80F4-78E2-4C6D-BF09-5A3800B25E47}"
EndProject
Project("{FAE04EC0-301F-11D3-BF4B-00C04F79EFBC}") = "ProtoScript.Tests", "ProtoScript.Tests\ProtoScript.Tests.csproj", "{4D1A3980-0372-4749-BBD6-64186DC8ED4E}"
EndProject
Project("{FAE04EC0-301F-11D3-BF4B-00C04F79EFBC}") = "ProtoScript.Tests.Integration", "ProtoScript.Tests.Integration\ProtoScript.Tests.Integration.csproj", "{B4690BC0-675B-48CB-AEE3-A307A9CA3D90}"
EndProject
Global
	GlobalSection(SolutionConfigurationPlatforms) = preSolution
		Debug|Any CPU = Debug|Any CPU
		Debug|x64 = Debug|x64
		Debug|x86 = Debug|x86
		Release|Any CPU = Release|Any CPU
		Release|x64 = Release|x64
		Release|x86 = Release|x86
	EndGlobalSection
	GlobalSection(ProjectConfigurationPlatforms) = postSolution
		{907B16B4-7165-4979-93C1-7B7DC5BE41E0}.Debug|Any CPU.ActiveCfg = Debug|Any CPU
		{907B16B4-7165-4979-93C1-7B7DC5BE41E0}.Debug|Any CPU.Build.0 = Debug|Any CPU
		{907B16B4-7165-4979-93C1-7B7DC5BE41E0}.Debug|x64.ActiveCfg = Debug|Any CPU
		{907B16B4-7165-4979-93C1-7B7DC5BE41E0}.Debug|x64.Build.0 = Debug|Any CPU
		{907B16B4-7165-4979-93C1-7B7DC5BE41E0}.Debug|x86.ActiveCfg = Debug|Any CPU
		{907B16B4-7165-4979-93C1-7B7DC5BE41E0}.Debug|x86.Build.0 = Debug|Any CPU
		{907B16B4-7165-4979-93C1-7B7DC5BE41E0}.Release|Any CPU.ActiveCfg = Release|Any CPU
		{907B16B4-7165-4979-93C1-7B7DC5BE41E0}.Release|Any CPU.Build.0 = Release|Any CPU
		{907B16B4-7165-4979-93C1-7B7DC5BE41E0}.Release|x64.ActiveCfg = Release|Any CPU
		{907B16B4-7165-4979-93C1-7B7DC5BE41E0}.Release|x64.Build.0 = Release|Any CPU
		{907B16B4-7165-4979-93C1-7B7DC5BE41E0}.Release|x86.ActiveCfg = Release|Any CPU
		{907B16B4-7165-4979-93C1-7B7DC5BE41E0}.Release|x86.Build.0 = Release|Any CPU
		{E649FDBE-E0D7-4071-88A2-A5C2FAFE323A}.Debug|Any CPU.ActiveCfg = Debug|Any CPU
		{E649FDBE-E0D7-4071-88A2-A5C2FAFE323A}.Debug|Any CPU.Build.0 = Debug|Any CPU
		{E649FDBE-E0D7-4071-88A2-A5C2FAFE323A}.Debug|x64.ActiveCfg = Debug|Any CPU
		{E649FDBE-E0D7-4071-88A2-A5C2FAFE323A}.Debug|x64.Build.0 = Debug|Any CPU
		{E649FDBE-E0D7-4071-88A2-A5C2FAFE323A}.Debug|x86.ActiveCfg = Debug|Any CPU
		{E649FDBE-E0D7-4071-88A2-A5C2FAFE323A}.Debug|x86.Build.0 = Debug|Any CPU
		{E649FDBE-E0D7-4071-88A2-A5C2FAFE323A}.Release|Any CPU.ActiveCfg = Release|Any CPU
		{E649FDBE-E0D7-4071-88A2-A5C2FAFE323A}.Release|Any CPU.Build.0 = Release|Any CPU
		{E649FDBE-E0D7-4071-88A2-A5C2FAFE323A}.Release|x64.ActiveCfg = Release|Any CPU
		{E649FDBE-E0D7-4071-88A2-A5C2FAFE323A}.Release|x64.Build.0 = Release|Any CPU
		{E649FDBE-E0D7-4071-88A2-A5C2FAFE323A}.Release|x86.ActiveCfg = Release|Any CPU
		{E649FDBE-E0D7-4071-88A2-A5C2FAFE323A}.Release|x86.Build.0 = Release|Any CPU
		{C1E776C7-0387-4BDA-AF00-9EEEF8D1729C}.Debug|Any CPU.ActiveCfg = Debug|Any CPU
		{C1E776C7-0387-4BDA-AF00-9EEEF8D1729C}.Debug|Any CPU.Build.0 = Debug|Any CPU
		{C1E776C7-0387-4BDA-AF00-9EEEF8D1729C}.Debug|x64.ActiveCfg = Debug|Any CPU
		{C1E776C7-0387-4BDA-AF00-9EEEF8D1729C}.Debug|x64.Build.0 = Debug|Any CPU
		{C1E776C7-0387-4BDA-AF00-9EEEF8D1729C}.Debug|x86.ActiveCfg = Debug|Any CPU
		{C1E776C7-0387-4BDA-AF00-9EEEF8D1729C}.Debug|x86.Build.0 = Debug|Any CPU
		{C1E776C7-0387-4BDA-AF00-9EEEF8D1729C}.Release|Any CPU.ActiveCfg = Release|Any CPU
		{C1E776C7-0387-4BDA-AF00-9EEEF8D1729C}.Release|Any CPU.Build.0 = Release|Any CPU
		{C1E776C7-0387-4BDA-AF00-9EEEF8D1729C}.Release|x64.ActiveCfg = Release|Any CPU
		{C1E776C7-0387-4BDA-AF00-9EEEF8D1729C}.Release|x64.Build.0 = Release|Any CPU
		{C1E776C7-0387-4BDA-AF00-9EEEF8D1729C}.Release|x86.ActiveCfg = Release|Any CPU
		{C1E776C7-0387-4BDA-AF00-9EEEF8D1729C}.Release|x86.Build.0 = Release|Any CPU
		{7A370288-66E3-4EF4-839E-D16C4607A40C}.Debug|Any CPU.ActiveCfg = Debug|Any CPU
		{7A370288-66E3-4EF4-839E-D16C4607A40C}.Debug|Any CPU.Build.0 = Debug|Any CPU
		{7A370288-66E3-4EF4-839E-D16C4607A40C}.Debug|x64.ActiveCfg = Debug|Any CPU
		{7A370288-66E3-4EF4-839E-D16C4607A40C}.Debug|x64.Build.0 = Debug|Any CPU
		{7A370288-66E3-4EF4-839E-D16C4607A40C}.Debug|x86.ActiveCfg = Debug|Any CPU
		{7A370288-66E3-4EF4-839E-D16C4607A40C}.Debug|x86.Build.0 = Debug|Any CPU
		{7A370288-66E3-4EF4-839E-D16C4607A40C}.Release|Any CPU.ActiveCfg = Release|Any CPU
		{7A370288-66E3-4EF4-839E-D16C4607A40C}.Release|Any CPU.Build.0 = Release|Any CPU
		{7A370288-66E3-4EF4-839E-D16C4607A40C}.Release|x64.ActiveCfg = Release|Any CPU
		{7A370288-66E3-4EF4-839E-D16C4607A40C}.Release|x64.Build.0 = Release|Any CPU
		{7A370288-66E3-4EF4-839E-D16C4607A40C}.Release|x86.ActiveCfg = Release|Any CPU
		{7A370288-66E3-4EF4-839E-D16C4607A40C}.Release|x86.Build.0 = Release|Any CPU
		{137E0441-25A1-467C-BDD6-1D4CF835BFA6}.Debug|Any CPU.ActiveCfg = Debug|Any CPU
		{137E0441-25A1-467C-BDD6-1D4CF835BFA6}.Debug|Any CPU.Build.0 = Debug|Any CPU
		{137E0441-25A1-467C-BDD6-1D4CF835BFA6}.Debug|x64.ActiveCfg = Debug|Any CPU
		{137E0441-25A1-467C-BDD6-1D4CF835BFA6}.Debug|x64.Build.0 = Debug|Any CPU
		{137E0441-25A1-467C-BDD6-1D4CF835BFA6}.Debug|x86.ActiveCfg = Debug|Any CPU
		{137E0441-25A1-467C-BDD6-1D4CF835BFA6}.Debug|x86.Build.0 = Debug|Any CPU
		{137E0441-25A1-467C-BDD6-1D4CF835BFA6}.Release|Any CPU.ActiveCfg = Release|Any CPU
		{137E0441-25A1-467C-BDD6-1D4CF835BFA6}.Release|Any CPU.Build.0 = Release|Any CPU
		{137E0441-25A1-467C-BDD6-1D4CF835BFA6}.Release|x64.ActiveCfg = Release|Any CPU
		{137E0441-25A1-467C-BDD6-1D4CF835BFA6}.Release|x64.Build.0 = Release|Any CPU
		{137E0441-25A1-467C-BDD6-1D4CF835BFA6}.Release|x86.ActiveCfg = Release|Any CPU
		{137E0441-25A1-467C-BDD6-1D4CF835BFA6}.Release|x86.Build.0 = Release|Any CPU
		{DB7D7EE8-2F83-4843-9AF2-C5C34A300800}.Debug|Any CPU.ActiveCfg = Debug|Any CPU
		{DB7D7EE8-2F83-4843-9AF2-C5C34A300800}.Debug|Any CPU.Build.0 = Debug|Any CPU
		{DB7D7EE8-2F83-4843-9AF2-C5C34A300800}.Debug|x64.ActiveCfg = Debug|Any CPU
		{DB7D7EE8-2F83-4843-9AF2-C5C34A300800}.Debug|x64.Build.0 = Debug|Any CPU
		{DB7D7EE8-2F83-4843-9AF2-C5C34A300800}.Debug|x86.ActiveCfg = Debug|Any CPU
		{DB7D7EE8-2F83-4843-9AF2-C5C34A300800}.Debug|x86.Build.0 = Debug|Any CPU
		{DB7D7EE8-2F83-4843-9AF2-C5C34A300800}.Release|Any CPU.ActiveCfg = Release|Any CPU
		{DB7D7EE8-2F83-4843-9AF2-C5C34A300800}.Release|Any CPU.Build.0 = Release|Any CPU
		{DB7D7EE8-2F83-4843-9AF2-C5C34A300800}.Release|x64.ActiveCfg = Release|Any CPU
		{DB7D7EE8-2F83-4843-9AF2-C5C34A300800}.Release|x64.Build.0 = Release|Any CPU
		{DB7D7EE8-2F83-4843-9AF2-C5C34A300800}.Release|x86.ActiveCfg = Release|Any CPU
		{DB7D7EE8-2F83-4843-9AF2-C5C34A300800}.Release|x86.Build.0 = Release|Any CPU
		{0A7B80F4-78E2-4C6D-BF09-5A3800B25E47}.Debug|Any CPU.ActiveCfg = Debug|Any CPU
		{0A7B80F4-78E2-4C6D-BF09-5A3800B25E47}.Debug|Any CPU.Build.0 = Debug|Any CPU
		{0A7B80F4-78E2-4C6D-BF09-5A3800B25E47}.Debug|x64.ActiveCfg = Debug|Any CPU
		{0A7B80F4-78E2-4C6D-BF09-5A3800B25E47}.Debug|x64.Build.0 = Debug|Any CPU
		{0A7B80F4-78E2-4C6D-BF09-5A3800B25E47}.Debug|x86.ActiveCfg = Debug|Any CPU
		{0A7B80F4-78E2-4C6D-BF09-5A3800B25E47}.Debug|x86.Build.0 = Debug|Any CPU
		{0A7B80F4-78E2-4C6D-BF09-5A3800B25E47}.Release|Any CPU.ActiveCfg = Release|Any CPU
		{0A7B80F4-78E2-4C6D-BF09-5A3800B25E47}.Release|Any CPU.Build.0 = Release|Any CPU
		{0A7B80F4-78E2-4C6D-BF09-5A3800B25E47}.Release|x64.ActiveCfg = Release|Any CPU
		{0A7B80F4-78E2-4C6D-BF09-5A3800B25E47}.Release|x64.Build.0 = Release|Any CPU
		{0A7B80F4-78E2-4C6D-BF09-5A3800B25E47}.Release|x86.ActiveCfg = Release|Any CPU
		{0A7B80F4-78E2-4C6D-BF09-5A3800B25E47}.Release|x86.Build.0 = Release|Any CPU
		{4D1A3980-0372-4749-BBD6-64186DC8ED4E}.Debug|Any CPU.ActiveCfg = Debug|Any CPU
		{4D1A3980-0372-4749-BBD6-64186DC8ED4E}.Debug|Any CPU.Build.0 = Debug|Any CPU
		{4D1A3980-0372-4749-BBD6-64186DC8ED4E}.Debug|x64.ActiveCfg = Debug|Any CPU
		{4D1A3980-0372-4749-BBD6-64186DC8ED4E}.Debug|x64.Build.0 = Debug|Any CPU
		{4D1A3980-0372-4749-BBD6-64186DC8ED4E}.Debug|x86.ActiveCfg = Debug|Any CPU
		{4D1A3980-0372-4749-BBD6-64186DC8ED4E}.Debug|x86.Build.0 = Debug|Any CPU
		{4D1A3980-0372-4749-BBD6-64186DC8ED4E}.Release|Any CPU.ActiveCfg = Release|Any CPU
		{4D1A3980-0372-4749-BBD6-64186DC8ED4E}.Release|Any CPU.Build.0 = Release|Any CPU
		{4D1A3980-0372-4749-BBD6-64186DC8ED4E}.Release|x64.ActiveCfg = Release|Any CPU
		{4D1A3980-0372-4749-BBD6-64186DC8ED4E}.Release|x64.Build.0 = Release|Any CPU
		{4D1A3980-0372-4749-BBD6-64186DC8ED4E}.Release|x86.ActiveCfg = Release|Any CPU
		{4D1A3980-0372-4749-BBD6-64186DC8ED4E}.Release|x86.Build.0 = Release|Any CPU
		{B4690BC0-675B-48CB-AEE3-A307A9CA3D90}.Debug|Any CPU.ActiveCfg = Debug|Any CPU
		{B4690BC0-675B-48CB-AEE3-A307A9CA3D90}.Debug|Any CPU.Build.0 = Debug|Any CPU
		{B4690BC0-675B-48CB-AEE3-A307A9CA3D90}.Debug|x64.ActiveCfg = Debug|Any CPU
		{B4690BC0-675B-48CB-AEE3-A307A9CA3D90}.Debug|x64.Build.0 = Debug|Any CPU
		{B4690BC0-675B-48CB-AEE3-A307A9CA3D90}.Debug|x86.ActiveCfg = Debug|Any CPU
		{B4690BC0-675B-48CB-AEE3-A307A9CA3D90}.Debug|x86.Build.0 = Debug|Any CPU
		{B4690BC0-675B-48CB-AEE3-A307A9CA3D90}.Release|Any CPU.ActiveCfg = Release|Any CPU
		{B4690BC0-675B-48CB-AEE3-A307A9CA3D90}.Release|Any CPU.Build.0 = Release|Any CPU
		{B4690BC0-675B-48CB-AEE3-A307A9CA3D90}.Release|x64.ActiveCfg = Release|Any CPU
		{B4690BC0-675B-48CB-AEE3-A307A9CA3D90}.Release|x64.Build.0 = Release|Any CPU
		{B4690BC0-675B-48CB-AEE3-A307A9CA3D90}.Release|x86.ActiveCfg = Release|Any CPU
		{B4690BC0-675B-48CB-AEE3-A307A9CA3D90}.Release|x86.Build.0 = Release|Any CPU
	EndGlobalSection
	GlobalSection(SolutionProperties) = preSolution
		HideSolutionNode = FALSE
	EndGlobalSection
	GlobalSection(ExtensibilityGlobals) = postSolution
		SolutionGuid = {7B21385C-8540-4F8B-BAC8-030420A01AE9}
	EndGlobalSection
EndGlobal
